
Microsoft Visual Studio Solution File, Format Version 12.00
# Visual Studio Version 16
VisualStudioVersion = 16.0.31321.278
MinimumVisualStudioVersion = 10.0.40219.1
Project("{FAE04EC0-301F-11D3-BF4B-00C04F79EFBC}") = "1.Proje", "1.Proje.csproj", "{A8EA3964-712D-411F-8E23-33C1B6D0B059}"
EndProject
Global
	GlobalSection(SolutionConfigurationPlatforms) = preSolution
		Debug|Any CPU = Debug|Any CPU
		Release|Any CPU = Release|Any CPU
	EndGlobalSection
	GlobalSection(ProjectConfigurationPlatforms) = postSolution
		{A8EA3964-712D-411F-8E23-33C1B6D0B059}.Debug|Any CPU.ActiveCfg = Debug|Any CPU
		{A8EA3964-712D-411F-8E23-33C1B6D0B059}.Debug|Any CPU.Build.0 = Debug|Any CPU
		{A8EA3964-712D-411F-8E23-33C1B6D0B059}.Release|Any CPU.ActiveCfg = Release|Any CPU
		{A8EA3964-712D-411F-8E23-33C1B6D0B059}.Release|Any CPU.Build.0 = Release|Any CPU
	EndGlobalSection
	GlobalSection(SolutionProperties) = preSolution
		HideSolutionNode = FALSE
	EndGlobalSection
	GlobalSection(ExtensibilityGlobals) = postSolution
		SolutionGuid = {A4D8D53A-1E70-44C1-9AD5-BD83679FD5A0}
	EndGlobalSection
EndGlobal
