
Microsoft Visual Studio Solution File, Format Version 12.00
# Visual Studio Version 16
VisualStudioVersion = 16.0.31605.320
MinimumVisualStudioVersion = 10.0.40219.1
Project("{FAE04EC0-301F-11D3-BF4B-00C04F79EFBC}") = "21.Proje", "21.Proje.csproj", "{A040D1CD-64A8-4498-87B7-DDF30B54AA8E}"
EndProject
Global
	GlobalSection(SolutionConfigurationPlatforms) = preSolution
		Debug|Any CPU = Debug|Any CPU
		Release|Any CPU = Release|Any CPU
	EndGlobalSection
	GlobalSection(ProjectConfigurationPlatforms) = postSolution
		{A040D1CD-64A8-4498-87B7-DDF30B54AA8E}.Debug|Any CPU.ActiveCfg = Debug|Any CPU
		{A040D1CD-64A8-4498-87B7-DDF30B54AA8E}.Debug|Any CPU.Build.0 = Debug|Any CPU
		{A040D1CD-64A8-4498-87B7-DDF30B54AA8E}.Release|Any CPU.ActiveCfg = Release|Any CPU
		{A040D1CD-64A8-4498-87B7-DDF30B54AA8E}.Release|Any CPU.Build.0 = Release|Any CPU
	EndGlobalSection
	GlobalSection(SolutionProperties) = preSolution
		HideSolutionNode = FALSE
	EndGlobalSection
	GlobalSection(ExtensibilityGlobals) = postSolution
		SolutionGuid = {99863F5C-9EA1-421B-BFEE-201D688A6ED7}
	EndGlobalSection
EndGlobal
