
Microsoft Visual Studio Solution File, Format Version 12.00
# Visual Studio Version 16
VisualStudioVersion = 16.0.31515.178
MinimumVisualStudioVersion = 10.0.40219.1
Project("{FAE04EC0-301F-11D3-BF4B-00C04F79EFBC}") = "15.Proje", "15.Proje.csproj", "{BBD23DCD-2F1F-4822-A5FA-2A481908CAD7}"
EndProject
Global
	GlobalSection(SolutionConfigurationPlatforms) = preSolution
		Debug|Any CPU = Debug|Any CPU
		Release|Any CPU = Release|Any CPU
	EndGlobalSection
	GlobalSection(ProjectConfigurationPlatforms) = postSolution
		{BBD23DCD-2F1F-4822-A5FA-2A481908CAD7}.Debug|Any CPU.ActiveCfg = Debug|Any CPU
		{BBD23DCD-2F1F-4822-A5FA-2A481908CAD7}.Debug|Any CPU.Build.0 = Debug|Any CPU
		{BBD23DCD-2F1F-4822-A5FA-2A481908CAD7}.Release|Any CPU.ActiveCfg = Release|Any CPU
		{BBD23DCD-2F1F-4822-A5FA-2A481908CAD7}.Release|Any CPU.Build.0 = Release|Any CPU
	EndGlobalSection
	GlobalSection(SolutionProperties) = preSolution
		HideSolutionNode = FALSE
	EndGlobalSection
	GlobalSection(ExtensibilityGlobals) = postSolution
		SolutionGuid = {66199EBC-6586-4102-AC16-C0DA13289A3D}
	EndGlobalSection
EndGlobal
